// !$*UTF8*$!
{
	archiveVersion = 1;
	classes = {
	};
	objectVersion = 50;
	objects = {

/* Begin PBXBuildFile section */
		B60F1CE22511ADC80019A3E2 /* RoomShowViewController.swift in Sources */ = {isa = PBXBuildFile; fileRef = B60F1CE12511ADC80019A3E2 /* RoomShowViewController.swift */; };
		B60F1CE42511ADED0019A3E2 /* RoomNormalViewController.swift in Sources */ = {isa = PBXBuildFile; fileRef = B60F1CE32511ADED0019A3E2 /* RoomNormalViewController.swift */; };
		B60F1CE82511B3EF0019A3E2 /* CustomNavigationController.swift in Sources */ = {isa = PBXBuildFile; fileRef = B60F1CE72511B3EF0019A3E2 /* CustomNavigationController.swift */; };
		B650616024F78B3800DC5CE8 /* RecommendViewController.swift in Sources */ = {isa = PBXBuildFile; fileRef = B650615F24F78B3800DC5CE8 /* RecommendViewController.swift */; };
		B650616324F7A3CE00DC5CE8 /* CollectionHeaderView.swift in Sources */ = {isa = PBXBuildFile; fileRef = B650616124F7A3CE00DC5CE8 /* CollectionHeaderView.swift */; };
		B650616424F7A3CE00DC5CE8 /* CollectionHeaderView.xib in Resources */ = {isa = PBXBuildFile; fileRef = B650616224F7A3CE00DC5CE8 /* CollectionHeaderView.xib */; };
		B650616724F7AE7400DC5CE8 /* CollectionNormalCell.swift in Sources */ = {isa = PBXBuildFile; fileRef = B650616524F7AE7400DC5CE8 /* CollectionNormalCell.swift */; };
		B650616824F7AE7400DC5CE8 /* CollectionNormalCell.xib in Resources */ = {isa = PBXBuildFile; fileRef = B650616624F7AE7400DC5CE8 /* CollectionNormalCell.xib */; };
		B654BE9D24FCE24500946EA8 /* RecommendViewModel.swift in Sources */ = {isa = PBXBuildFile; fileRef = B654BE9C24FCE24500946EA8 /* RecommendViewModel.swift */; };
		B654BE9F24FCE64500946EA8 /* NSDate_Extension.swift in Sources */ = {isa = PBXBuildFile; fileRef = B654BE9E24FCE64500946EA8 /* NSDate_Extension.swift */; };
		B654BEA124FCECE800946EA8 /* AnchorGroup.swift in Sources */ = {isa = PBXBuildFile; fileRef = B654BEA024FCECE800946EA8 /* AnchorGroup.swift */; };
		B654BEA324FCF2A800946EA8 /* AnchorModel.swift in Sources */ = {isa = PBXBuildFile; fileRef = B654BEA224FCF2A800946EA8 /* AnchorModel.swift */; };
		B65E8F0824FF3017005EB4D5 /* CycleModel.swift in Sources */ = {isa = PBXBuildFile; fileRef = B65E8F0724FF3017005EB4D5 /* CycleModel.swift */; };
		B65E8F1524FF39D1005EB4D5 /* CollectionwCycleCell.swift in Sources */ = {isa = PBXBuildFile; fileRef = B65E8F1324FF39D1005EB4D5 /* CollectionwCycleCell.swift */; };
		B65E8F1624FF39D1005EB4D5 /* CollectionwCycleCell.xib in Resources */ = {isa = PBXBuildFile; fileRef = B65E8F1424FF39D1005EB4D5 /* CollectionwCycleCell.xib */; };
		B65E8F1824FF7C37005EB4D5 /* RecommendGameView.swift in Sources */ = {isa = PBXBuildFile; fileRef = B65E8F1724FF7C37005EB4D5 /* RecommendGameView.swift */; };
		B65E8F1A24FF7C4C005EB4D5 /* RecommendGameView.xib in Resources */ = {isa = PBXBuildFile; fileRef = B65E8F1924FF7C4C005EB4D5 /* RecommendGameView.xib */; };
		B65E8F1D24FF8A19005EB4D5 /* CollectionGameCell.swift in Sources */ = {isa = PBXBuildFile; fileRef = B65E8F1B24FF8A19005EB4D5 /* CollectionGameCell.swift */; };
		B65E8F1E24FF8A19005EB4D5 /* CollectionGameCell.xib in Resources */ = {isa = PBXBuildFile; fileRef = B65E8F1C24FF8A19005EB4D5 /* CollectionGameCell.xib */; };
		B667096C250F3DCE002EE521 /* FunnyViewController.swift in Sources */ = {isa = PBXBuildFile; fileRef = B667096B250F3DCE002EE521 /* FunnyViewController.swift */; };
		B6670978250F4995002EE521 /* FunnyViewModel.swift in Sources */ = {isa = PBXBuildFile; fileRef = B6670977250F4995002EE521 /* FunnyViewModel.swift */; };
		B667097A250F5CD9002EE521 /* BaseViewController.swift in Sources */ = {isa = PBXBuildFile; fileRef = B6670979250F5CD9002EE521 /* BaseViewController.swift */; };
		B66D562524EE2A950050A2D7 /* Home.storyboard in Resources */ = {isa = PBXBuildFile; fileRef = B66D562424EE2A950050A2D7 /* Home.storyboard */; };
		B66D562824EE2C040050A2D7 /* Live.storyboard in Resources */ = {isa = PBXBuildFile; fileRef = B66D562624EE2C040050A2D7 /* Live.storyboard */; };
		B66D562B24EE2C350050A2D7 /* Follow.storyboard in Resources */ = {isa = PBXBuildFile; fileRef = B66D562924EE2C350050A2D7 /* Follow.storyboard */; };
		B66D562E24EE2C610050A2D7 /* Profile.storyboard in Resources */ = {isa = PBXBuildFile; fileRef = B66D562C24EE2C610050A2D7 /* Profile.storyboard */; };
		B66D563824EE57AF0050A2D7 /* MainViewController.swift in Sources */ = {isa = PBXBuildFile; fileRef = B66D563624EE57AF0050A2D7 /* MainViewController.swift */; };
		B66D563A24EE58570050A2D7 /* HomeViewController.swift in Sources */ = {isa = PBXBuildFile; fileRef = B66D563924EE58570050A2D7 /* HomeViewController.swift */; };
		B66D563D24EE5FF70050A2D7 /* UIBarButtonItem_Extension.swift in Sources */ = {isa = PBXBuildFile; fileRef = B66D563C24EE5FF70050A2D7 /* UIBarButtonItem_Extension.swift */; };
		B66D563F24EE6DC30050A2D7 /* PageTitleView.swift in Sources */ = {isa = PBXBuildFile; fileRef = B66D563E24EE6DC30050A2D7 /* PageTitleView.swift */; };
		B66D564124EE76620050A2D7 /* Common.swift in Sources */ = {isa = PBXBuildFile; fileRef = B66D564024EE76620050A2D7 /* Common.swift */; };
		B68828B124FE2083007A11FA /* Kingfisher.framework in Frameworks */ = {isa = PBXBuildFile; fileRef = B68828AC24FE207A007A11FA /* Kingfisher.framework */; };
		B68828B324FE2F7B007A11FA /* CollectionBaseCell.swift in Sources */ = {isa = PBXBuildFile; fileRef = B68828B224FE2F7B007A11FA /* CollectionBaseCell.swift */; };
		B68828B524FE50C9007A11FA /* RecommendCycleView.swift in Sources */ = {isa = PBXBuildFile; fileRef = B68828B424FE50C9007A11FA /* RecommendCycleView.swift */; };
		B68828B724FE50F0007A11FA /* RecommendCycleView.xib in Resources */ = {isa = PBXBuildFile; fileRef = B68828B624FE50F0007A11FA /* RecommendCycleView.xib */; };
		B6B26B6624F8911F0025D574 /* CollectionPrettyCell.swift in Sources */ = {isa = PBXBuildFile; fileRef = B6B26B6424F8911F0025D574 /* CollectionPrettyCell.swift */; };
		B6B26B6724F8911F0025D574 /* CollectionPrettyCell.xib in Resources */ = {isa = PBXBuildFile; fileRef = B6B26B6524F8911F0025D574 /* CollectionPrettyCell.xib */; };
		B6B662B424ECD0AF00A6A6DA /* AppDelegate.swift in Sources */ = {isa = PBXBuildFile; fileRef = B6B662B324ECD0AF00A6A6DA /* AppDelegate.swift */; };
		B6B662B624ECD0AF00A6A6DA /* SceneDelegate.swift in Sources */ = {isa = PBXBuildFile; fileRef = B6B662B524ECD0AF00A6A6DA /* SceneDelegate.swift */; };
		B6B662BB24ECD0AF00A6A6DA /* Main.storyboard in Resources */ = {isa = PBXBuildFile; fileRef = B6B662B924ECD0AF00A6A6DA /* Main.storyboard */; };
		B6B662BD24ECD0B000A6A6DA /* Assets.xcassets in Resources */ = {isa = PBXBuildFile; fileRef = B6B662BC24ECD0B000A6A6DA /* Assets.xcassets */; };
		B6B662C024ECD0B000A6A6DA /* LaunchScreen.storyboard in Resources */ = {isa = PBXBuildFile; fileRef = B6B662BE24ECD0B000A6A6DA /* LaunchScreen.storyboard */; };
		B6B662CB24ECD0B100A6A6DA /* DouYuTVTests.swift in Sources */ = {isa = PBXBuildFile; fileRef = B6B662CA24ECD0B100A6A6DA /* DouYuTVTests.swift */; };
		B6B662D624ECD0B100A6A6DA /* DouYuTVUITests.swift in Sources */ = {isa = PBXBuildFile; fileRef = B6B662D524ECD0B100A6A6DA /* DouYuTVUITests.swift */; };
		B6C752302509CB6F00620B37 /* AmuseViewController.swift in Sources */ = {isa = PBXBuildFile; fileRef = B6C7522F2509CB6F00620B37 /* AmuseViewController.swift */; };
		B6C7523C2509CFF800620B37 /* AmuseViewModel.swift in Sources */ = {isa = PBXBuildFile; fileRef = B6C7523B2509CFF800620B37 /* AmuseViewModel.swift */; };
		B6C75269250A09C500620B37 /* BaseViewModel.swift in Sources */ = {isa = PBXBuildFile; fileRef = B6C75268250A09C500620B37 /* BaseViewModel.swift */; };
		B6C7526F250A149300620B37 /* BaseAnchorViewController.swift in Sources */ = {isa = PBXBuildFile; fileRef = B6C7526E250A149300620B37 /* BaseAnchorViewController.swift */; };
		B6CCA08C250880B600BDFF4D /* GameViewController.swift in Sources */ = {isa = PBXBuildFile; fileRef = B6CCA08B250880B600BDFF4D /* GameViewController.swift */; };
		B6CCA0982508C0C700BDFF4D /* GameViewModel.swift in Sources */ = {isa = PBXBuildFile; fileRef = B6CCA0972508C0C700BDFF4D /* GameViewModel.swift */; };
		B6CCA09A2508C2BD00BDFF4D /* GameModel.swift in Sources */ = {isa = PBXBuildFile; fileRef = B6CCA0992508C2BD00BDFF4D /* GameModel.swift */; };
		B6CCA09C2508C83700BDFF4D /* BaseGameModel.swift in Sources */ = {isa = PBXBuildFile; fileRef = B6CCA09B2508C83700BDFF4D /* BaseGameModel.swift */; };
		B6CCA88524FC998300558F89 /* Alamofire.framework in Frameworks */ = {isa = PBXBuildFile; fileRef = B6CCA87724FC997A00558F89 /* Alamofire.framework */; };
		B6CCA88724FC9C7000558F89 /* NetworkTools.swift in Sources */ = {isa = PBXBuildFile; fileRef = B6CCA88624FC9C7000558F89 /* NetworkTools.swift */; };
		B6D0B76C250B55500030B743 /* AmuseMenuView.swift in Sources */ = {isa = PBXBuildFile; fileRef = B6D0B76B250B55500030B743 /* AmuseMenuView.swift */; };
		B6D0B778250B557C0030B743 /* AmuseMenuView.xib in Resources */ = {isa = PBXBuildFile; fileRef = B6D0B777250B557C0030B743 /* AmuseMenuView.xib */; };
		B6D0B77B250B677B0030B743 /* AmuseMenuViewCell.swift in Sources */ = {isa = PBXBuildFile; fileRef = B6D0B779250B677B0030B743 /* AmuseMenuViewCell.swift */; };
		B6D0B77C250B677B0030B743 /* AmuseMenuViewCell.xib in Resources */ = {isa = PBXBuildFile; fileRef = B6D0B77A250B677B0030B743 /* AmuseMenuViewCell.xib */; };
		B6EA2EB124F4F4D1008589C2 /* PageContentView.swift in Sources */ = {isa = PBXBuildFile; fileRef = B6EA2EB024F4F4D1008589C2 /* PageContentView.swift */; };
		B6EA2EB324F4FCEA008589C2 /* UIColor_Extension.swift in Sources */ = {isa = PBXBuildFile; fileRef = B6EA2EB224F4FCEA008589C2 /* UIColor_Extension.swift */; };
/* End PBXBuildFile section */

/* Begin PBXContainerItemProxy section */
		B68828AB24FE207A007A11FA /* PBXContainerItemProxy */ = {
			isa = PBXContainerItemProxy;
			containerPortal = B688289E24FE2079007A11FA /* Kingfisher.xcodeproj */;
			proxyType = 2;
			remoteGlobalIDString = D1ED2D351AD2D09F00CFC3EB;
			remoteInfo = Kingfisher;
		};
		B68828AD24FE207A007A11FA /* PBXContainerItemProxy */ = {
			isa = PBXContainerItemProxy;
			containerPortal = B688289E24FE2079007A11FA /* Kingfisher.xcodeproj */;
			proxyType = 2;
			remoteGlobalIDString = D1F76072230974DE000C5269;
			remoteInfo = KingfisherSwiftUI;
		};
		B68828AF24FE207A007A11FA /* PBXContainerItemProxy */ = {
			isa = PBXContainerItemProxy;
			containerPortal = B688289E24FE2079007A11FA /* Kingfisher.xcodeproj */;
			proxyType = 2;
			remoteGlobalIDString = D1ED2D3F1AD2D09F00CFC3EB;
			remoteInfo = KingfisherTests;
		};
		B6B662C724ECD0B100A6A6DA /* PBXContainerItemProxy */ = {
			isa = PBXContainerItemProxy;
			containerPortal = B6B662A824ECD0AF00A6A6DA /* Project object */;
			proxyType = 1;
			remoteGlobalIDString = B6B662AF24ECD0AF00A6A6DA;
			remoteInfo = DouYuTV;
		};
		B6B662D224ECD0B100A6A6DA /* PBXContainerItemProxy */ = {
			isa = PBXContainerItemProxy;
			containerPortal = B6B662A824ECD0AF00A6A6DA /* Project object */;
			proxyType = 1;
			remoteGlobalIDString = B6B662AF24ECD0AF00A6A6DA;
			remoteInfo = DouYuTV;
		};
		B6CCA87624FC997A00558F89 /* PBXContainerItemProxy */ = {
			isa = PBXContainerItemProxy;
			containerPortal = B6CCA86C24FC997900558F89 /* Alamofire.xcodeproj */;
			proxyType = 2;
			remoteGlobalIDString = F8111E3319A95C8B0040E7D1;
			remoteInfo = "Alamofire iOS";
		};
		B6CCA87824FC997A00558F89 /* PBXContainerItemProxy */ = {
			isa = PBXContainerItemProxy;
			containerPortal = B6CCA86C24FC997900558F89 /* Alamofire.xcodeproj */;
			proxyType = 2;
			remoteGlobalIDString = F8111E3E19A95C8B0040E7D1;
			remoteInfo = "Alamofire iOS Tests";
		};
		B6CCA87A24FC997A00558F89 /* PBXContainerItemProxy */ = {
			isa = PBXContainerItemProxy;
			containerPortal = B6CCA86C24FC997900558F89 /* Alamofire.xcodeproj */;
			proxyType = 2;
			remoteGlobalIDString = 4DD67C0B1A5C55C900ED2280;
			remoteInfo = "Alamofire macOS";
		};
		B6CCA87C24FC997A00558F89 /* PBXContainerItemProxy */ = {
			isa = PBXContainerItemProxy;
			containerPortal = B6CCA86C24FC997900558F89 /* Alamofire.xcodeproj */;
			proxyType = 2;
			remoteGlobalIDString = F829C6B21A7A94F100A2CD59;
			remoteInfo = "Alamofire macOS Tests";
		};
		B6CCA87E24FC997A00558F89 /* PBXContainerItemProxy */ = {
			isa = PBXContainerItemProxy;
			containerPortal = B6CCA86C24FC997900558F89 /* Alamofire.xcodeproj */;
			proxyType = 2;
			remoteGlobalIDString = 4CF626EF1BA7CB3E0011A099;
			remoteInfo = "Alamofire tvOS";
		};
		B6CCA88024FC997A00558F89 /* PBXContainerItemProxy */ = {
			isa = PBXContainerItemProxy;
			containerPortal = B6CCA86C24FC997900558F89 /* Alamofire.xcodeproj */;
			proxyType = 2;
			remoteGlobalIDString = 4CF626F81BA7CB3E0011A099;
			remoteInfo = "Alamofire tvOS Tests";
		};
		B6CCA88224FC997A00558F89 /* PBXContainerItemProxy */ = {
			isa = PBXContainerItemProxy;
			containerPortal = B6CCA86C24FC997900558F89 /* Alamofire.xcodeproj */;
			proxyType = 2;
			remoteGlobalIDString = E4202FE01B667AA100C997FB;
			remoteInfo = "Alamofire watchOS";
		};
/* End PBXContainerItemProxy section */

/* Begin PBXFileReference section */
		B60F1CE12511ADC80019A3E2 /* RoomShowViewController.swift */ = {isa = PBXFileReference; lastKnownFileType = sourcecode.swift; path = RoomShowViewController.swift; sourceTree = "<group>"; };
		B60F1CE32511ADED0019A3E2 /* RoomNormalViewController.swift */ = {isa = PBXFileReference; lastKnownFileType = sourcecode.swift; path = RoomNormalViewController.swift; sourceTree = "<group>"; };
		B60F1CE72511B3EF0019A3E2 /* CustomNavigationController.swift */ = {isa = PBXFileReference; lastKnownFileType = sourcecode.swift; path = CustomNavigationController.swift; sourceTree = "<group>"; };
		B650615F24F78B3800DC5CE8 /* RecommendViewController.swift */ = {isa = PBXFileReference; lastKnownFileType = sourcecode.swift; path = RecommendViewController.swift; sourceTree = "<group>"; };
		B650616124F7A3CE00DC5CE8 /* CollectionHeaderView.swift */ = {isa = PBXFileReference; lastKnownFileType = sourcecode.swift; path = CollectionHeaderView.swift; sourceTree = "<group>"; };
		B650616224F7A3CE00DC5CE8 /* CollectionHeaderView.xib */ = {isa = PBXFileReference; lastKnownFileType = file.xib; path = CollectionHeaderView.xib; sourceTree = "<group>"; };
		B650616524F7AE7400DC5CE8 /* CollectionNormalCell.swift */ = {isa = PBXFileReference; lastKnownFileType = sourcecode.swift; path = CollectionNormalCell.swift; sourceTree = "<group>"; };
		B650616624F7AE7400DC5CE8 /* CollectionNormalCell.xib */ = {isa = PBXFileReference; lastKnownFileType = file.xib; path = CollectionNormalCell.xib; sourceTree = "<group>"; };
		B654BE9C24FCE24500946EA8 /* RecommendViewModel.swift */ = {isa = PBXFileReference; lastKnownFileType = sourcecode.swift; path = RecommendViewModel.swift; sourceTree = "<group>"; };
		B654BE9E24FCE64500946EA8 /* NSDate_Extension.swift */ = {isa = PBXFileReference; lastKnownFileType = sourcecode.swift; path = NSDate_Extension.swift; sourceTree = "<group>"; };
		B654BEA024FCECE800946EA8 /* AnchorGroup.swift */ = {isa = PBXFileReference; lastKnownFileType = sourcecode.swift; path = AnchorGroup.swift; sourceTree = "<group>"; };
		B654BEA224FCF2A800946EA8 /* AnchorModel.swift */ = {isa = PBXFileReference; lastKnownFileType = sourcecode.swift; path = AnchorModel.swift; sourceTree = "<group>"; };
		B65E8F0724FF3017005EB4D5 /* CycleModel.swift */ = {isa = PBXFileReference; lastKnownFileType = sourcecode.swift; path = CycleModel.swift; sourceTree = "<group>"; };
		B65E8F1324FF39D1005EB4D5 /* CollectionwCycleCell.swift */ = {isa = PBXFileReference; lastKnownFileType = sourcecode.swift; path = CollectionwCycleCell.swift; sourceTree = "<group>"; };
		B65E8F1424FF39D1005EB4D5 /* CollectionwCycleCell.xib */ = {isa = PBXFileReference; lastKnownFileType = file.xib; path = CollectionwCycleCell.xib; sourceTree = "<group>"; };
		B65E8F1724FF7C37005EB4D5 /* RecommendGameView.swift */ = {isa = PBXFileReference; lastKnownFileType = sourcecode.swift; path = RecommendGameView.swift; sourceTree = "<group>"; };
		B65E8F1924FF7C4C005EB4D5 /* RecommendGameView.xib */ = {isa = PBXFileReference; lastKnownFileType = file.xib; path = RecommendGameView.xib; sourceTree = "<group>"; };
		B65E8F1B24FF8A19005EB4D5 /* CollectionGameCell.swift */ = {isa = PBXFileReference; lastKnownFileType = sourcecode.swift; path = CollectionGameCell.swift; sourceTree = "<group>"; };
		B65E8F1C24FF8A19005EB4D5 /* CollectionGameCell.xib */ = {isa = PBXFileReference; lastKnownFileType = file.xib; path = CollectionGameCell.xib; sourceTree = "<group>"; };
		B667096B250F3DCE002EE521 /* FunnyViewController.swift */ = {isa = PBXFileReference; lastKnownFileType = sourcecode.swift; path = FunnyViewController.swift; sourceTree = "<group>"; };
		B6670977250F4995002EE521 /* FunnyViewModel.swift */ = {isa = PBXFileReference; lastKnownFileType = sourcecode.swift; path = FunnyViewModel.swift; sourceTree = "<group>"; };
		B6670979250F5CD9002EE521 /* BaseViewController.swift */ = {isa = PBXFileReference; lastKnownFileType = sourcecode.swift; path = BaseViewController.swift; sourceTree = "<group>"; };
		B66D562424EE2A950050A2D7 /* Home.storyboard */ = {isa = PBXFileReference; fileEncoding = 4; lastKnownFileType = file.storyboard; path = Home.storyboard; sourceTree = "<group>"; };
		B66D562724EE2C040050A2D7 /* Base */ = {isa = PBXFileReference; lastKnownFileType = file.storyboard; name = Base; path = DouYuTV/Base.lproj/Live.storyboard; sourceTree = SOURCE_ROOT; };
		B66D562A24EE2C350050A2D7 /* Base */ = {isa = PBXFileReference; lastKnownFileType = file.storyboard; name = Base; path = DouYuTV/Base.lproj/Follow.storyboard; sourceTree = SOURCE_ROOT; };
		B66D562D24EE2C610050A2D7 /* Base */ = {isa = PBXFileReference; lastKnownFileType = file.storyboard; name = Base; path = DouYuTV/Base.lproj/Profile.storyboard; sourceTree = SOURCE_ROOT; };
		B66D563624EE57AF0050A2D7 /* MainViewController.swift */ = {isa = PBXFileReference; fileEncoding = 4; lastKnownFileType = sourcecode.swift; path = MainViewController.swift; sourceTree = "<group>"; };
		B66D563924EE58570050A2D7 /* HomeViewController.swift */ = {isa = PBXFileReference; lastKnownFileType = sourcecode.swift; path = HomeViewController.swift; sourceTree = "<group>"; };
		B66D563C24EE5FF70050A2D7 /* UIBarButtonItem_Extension.swift */ = {isa = PBXFileReference; lastKnownFileType = sourcecode.swift; path = UIBarButtonItem_Extension.swift; sourceTree = "<group>"; };
		B66D563E24EE6DC30050A2D7 /* PageTitleView.swift */ = {isa = PBXFileReference; lastKnownFileType = sourcecode.swift; path = PageTitleView.swift; sourceTree = "<group>"; };
		B66D564024EE76620050A2D7 /* Common.swift */ = {isa = PBXFileReference; lastKnownFileType = sourcecode.swift; path = Common.swift; sourceTree = "<group>"; };
		B688289E24FE2079007A11FA /* Kingfisher.xcodeproj */ = {isa = PBXFileReference; lastKnownFileType = "wrapper.pb-project"; name = Kingfisher.xcodeproj; path = "Kingfisher-master/Kingfisher.xcodeproj"; sourceTree = "<group>"; };
		B68828B224FE2F7B007A11FA /* CollectionBaseCell.swift */ = {isa = PBXFileReference; lastKnownFileType = sourcecode.swift; path = CollectionBaseCell.swift; sourceTree = "<group>"; };
		B68828B424FE50C9007A11FA /* RecommendCycleView.swift */ = {isa = PBXFileReference; lastKnownFileType = sourcecode.swift; path = RecommendCycleView.swift; sourceTree = "<group>"; };
		B68828B624FE50F0007A11FA /* RecommendCycleView.xib */ = {isa = PBXFileReference; lastKnownFileType = file.xib; path = RecommendCycleView.xib; sourceTree = "<group>"; };
		B6B26B6424F8911F0025D574 /* CollectionPrettyCell.swift */ = {isa = PBXFileReference; lastKnownFileType = sourcecode.swift; path = CollectionPrettyCell.swift; sourceTree = "<group>"; };
		B6B26B6524F8911F0025D574 /* CollectionPrettyCell.xib */ = {isa = PBXFileReference; lastKnownFileType = file.xib; path = CollectionPrettyCell.xib; sourceTree = "<group>"; };
		B6B662B024ECD0AF00A6A6DA /* DouYuTV.app */ = {isa = PBXFileReference; explicitFileType = wrapper.application; includeInIndex = 0; path = DouYuTV.app; sourceTree = BUILT_PRODUCTS_DIR; };
		B6B662B324ECD0AF00A6A6DA /* AppDelegate.swift */ = {isa = PBXFileReference; lastKnownFileType = sourcecode.swift; path = AppDelegate.swift; sourceTree = "<group>"; };
		B6B662B524ECD0AF00A6A6DA /* SceneDelegate.swift */ = {isa = PBXFileReference; lastKnownFileType = sourcecode.swift; path = SceneDelegate.swift; sourceTree = "<group>"; };
		B6B662BA24ECD0AF00A6A6DA /* Base */ = {isa = PBXFileReference; lastKnownFileType = file.storyboard; name = Base; path = Base.lproj/Main.storyboard; sourceTree = "<group>"; };
		B6B662BC24ECD0B000A6A6DA /* Assets.xcassets */ = {isa = PBXFileReference; lastKnownFileType = folder.assetcatalog; path = Assets.xcassets; sourceTree = "<group>"; };
		B6B662BF24ECD0B000A6A6DA /* Base */ = {isa = PBXFileReference; lastKnownFileType = file.storyboard; name = Base; path = Base.lproj/LaunchScreen.storyboard; sourceTree = "<group>"; };
		B6B662C124ECD0B000A6A6DA /* Info.plist */ = {isa = PBXFileReference; lastKnownFileType = text.plist.xml; path = Info.plist; sourceTree = "<group>"; };
		B6B662C624ECD0B100A6A6DA /* DouYuTVTests.xctest */ = {isa = PBXFileReference; explicitFileType = wrapper.cfbundle; includeInIndex = 0; path = DouYuTVTests.xctest; sourceTree = BUILT_PRODUCTS_DIR; };
		B6B662CA24ECD0B100A6A6DA /* DouYuTVTests.swift */ = {isa = PBXFileReference; lastKnownFileType = sourcecode.swift; path = DouYuTVTests.swift; sourceTree = "<group>"; };
		B6B662CC24ECD0B100A6A6DA /* Info.plist */ = {isa = PBXFileReference; lastKnownFileType = text.plist.xml; path = Info.plist; sourceTree = "<group>"; };
		B6B662D124ECD0B100A6A6DA /* DouYuTVUITests.xctest */ = {isa = PBXFileReference; explicitFileType = wrapper.cfbundle; includeInIndex = 0; path = DouYuTVUITests.xctest; sourceTree = BUILT_PRODUCTS_DIR; };
		B6B662D524ECD0B100A6A6DA /* DouYuTVUITests.swift */ = {isa = PBXFileReference; lastKnownFileType = sourcecode.swift; path = DouYuTVUITests.swift; sourceTree = "<group>"; };
		B6B662D724ECD0B100A6A6DA /* Info.plist */ = {isa = PBXFileReference; lastKnownFileType = text.plist.xml; path = Info.plist; sourceTree = "<group>"; };
		B6C7522F2509CB6F00620B37 /* AmuseViewController.swift */ = {isa = PBXFileReference; lastKnownFileType = sourcecode.swift; path = AmuseViewController.swift; sourceTree = "<group>"; };
		B6C7523B2509CFF800620B37 /* AmuseViewModel.swift */ = {isa = PBXFileReference; lastKnownFileType = sourcecode.swift; path = AmuseViewModel.swift; sourceTree = "<group>"; };
		B6C75268250A09C500620B37 /* BaseViewModel.swift */ = {isa = PBXFileReference; lastKnownFileType = sourcecode.swift; path = BaseViewModel.swift; sourceTree = "<group>"; };
		B6C7526E250A149300620B37 /* BaseAnchorViewController.swift */ = {isa = PBXFileReference; lastKnownFileType = sourcecode.swift; path = BaseAnchorViewController.swift; sourceTree = "<group>"; };
		B6CCA08B250880B600BDFF4D /* GameViewController.swift */ = {isa = PBXFileReference; lastKnownFileType = sourcecode.swift; path = GameViewController.swift; sourceTree = "<group>"; };
		B6CCA0972508C0C700BDFF4D /* GameViewModel.swift */ = {isa = PBXFileReference; lastKnownFileType = sourcecode.swift; path = GameViewModel.swift; sourceTree = "<group>"; };
		B6CCA0992508C2BD00BDFF4D /* GameModel.swift */ = {isa = PBXFileReference; lastKnownFileType = sourcecode.swift; path = GameModel.swift; sourceTree = "<group>"; };
		B6CCA09B2508C83700BDFF4D /* BaseGameModel.swift */ = {isa = PBXFileReference; lastKnownFileType = sourcecode.swift; path = BaseGameModel.swift; sourceTree = "<group>"; };
		B6CCA86C24FC997900558F89 /* Alamofire.xcodeproj */ = {isa = PBXFileReference; lastKnownFileType = "wrapper.pb-project"; name = Alamofire.xcodeproj; path = "Alamofire-master/Alamofire.xcodeproj"; sourceTree = "<group>"; };
		B6CCA88624FC9C7000558F89 /* NetworkTools.swift */ = {isa = PBXFileReference; lastKnownFileType = sourcecode.swift; path = NetworkTools.swift; sourceTree = "<group>"; };
		B6D0B76B250B55500030B743 /* AmuseMenuView.swift */ = {isa = PBXFileReference; lastKnownFileType = sourcecode.swift; path = AmuseMenuView.swift; sourceTree = "<group>"; };
		B6D0B777250B557C0030B743 /* AmuseMenuView.xib */ = {isa = PBXFileReference; lastKnownFileType = file.xib; path = AmuseMenuView.xib; sourceTree = "<group>"; };
		B6D0B779250B677B0030B743 /* AmuseMenuViewCell.swift */ = {isa = PBXFileReference; lastKnownFileType = sourcecode.swift; path = AmuseMenuViewCell.swift; sourceTree = "<group>"; };
		B6D0B77A250B677B0030B743 /* AmuseMenuViewCell.xib */ = {isa = PBXFileReference; lastKnownFileType = file.xib; path = AmuseMenuViewCell.xib; sourceTree = "<group>"; };
		B6EA2EB024F4F4D1008589C2 /* PageContentView.swift */ = {isa = PBXFileReference; lastKnownFileType = sourcecode.swift; path = PageContentView.swift; sourceTree = "<group>"; };
		B6EA2EB224F4FCEA008589C2 /* UIColor_Extension.swift */ = {isa = PBXFileReference; lastKnownFileType = sourcecode.swift; path = UIColor_Extension.swift; sourceTree = "<group>"; };
/* End PBXFileReference section */

/* Begin PBXFrameworksBuildPhase section */
		B6B662AD24ECD0AF00A6A6DA /* Frameworks */ = {
			isa = PBXFrameworksBuildPhase;
			buildActionMask = 2147483647;
			files = (
				B68828B124FE2083007A11FA /* Kingfisher.framework in Frameworks */,
				B6CCA88524FC998300558F89 /* Alamofire.framework in Frameworks */,
			);
			runOnlyForDeploymentPostprocessing = 0;
		};
		B6B662C324ECD0B100A6A6DA /* Frameworks */ = {
			isa = PBXFrameworksBuildPhase;
			buildActionMask = 2147483647;
			files = (
			);
			runOnlyForDeploymentPostprocessing = 0;
		};
		B6B662CE24ECD0B100A6A6DA /* Frameworks */ = {
			isa = PBXFrameworksBuildPhase;
			buildActionMask = 2147483647;
			files = (
			);
			runOnlyForDeploymentPostprocessing = 0;
		};
/* End PBXFrameworksBuildPhase section */

/* Begin PBXGroup section */
		B60F1CD32511AD900019A3E2 /* Room */ = {
			isa = PBXGroup;
			children = (
				B60F1CD42511AD900019A3E2 /* Controller */,
				B60F1CD52511AD900019A3E2 /* Model */,
				B60F1CD62511AD900019A3E2 /* View */,
			);
			path = Room;
			sourceTree = "<group>";
		};
		B60F1CD42511AD900019A3E2 /* Controller */ = {
			isa = PBXGroup;
			children = (
				B60F1CE12511ADC80019A3E2 /* RoomShowViewController.swift */,
				B60F1CE32511ADED0019A3E2 /* RoomNormalViewController.swift */,
			);
			path = Controller;
			sourceTree = "<group>";
		};
		B60F1CD52511AD900019A3E2 /* Model */ = {
			isa = PBXGroup;
			children = (
			);
			path = Model;
			sourceTree = "<group>";
		};
		B60F1CD62511AD900019A3E2 /* View */ = {
			isa = PBXGroup;
			children = (
			);
			path = View;
			sourceTree = "<group>";
		};
		B654BE9B24FCE1D300946EA8 /* ViewModel */ = {
			isa = PBXGroup;
			children = (
				B654BE9C24FCE24500946EA8 /* RecommendViewModel.swift */,
				B6CCA0972508C0C700BDFF4D /* GameViewModel.swift */,
				B6C7523B2509CFF800620B37 /* AmuseViewModel.swift */,
				B6670977250F4995002EE521 /* FunnyViewModel.swift */,
			);
			path = ViewModel;
			sourceTree = "<group>";
		};
		B66D563124EE57000050A2D7 /* Model */ = {
			isa = PBXGroup;
			children = (
				B65E8F0724FF3017005EB4D5 /* CycleModel.swift */,
				B6CCA0992508C2BD00BDFF4D /* GameModel.swift */,
			);
			path = Model;
			sourceTree = "<group>";
		};
		B66D563224EE57000050A2D7 /* Controller */ = {
			isa = PBXGroup;
			children = (
				B66D562424EE2A950050A2D7 /* Home.storyboard */,
				B66D563924EE58570050A2D7 /* HomeViewController.swift */,
				B650615F24F78B3800DC5CE8 /* RecommendViewController.swift */,
				B6CCA08B250880B600BDFF4D /* GameViewController.swift */,
				B6C7522F2509CB6F00620B37 /* AmuseViewController.swift */,
				B667096B250F3DCE002EE521 /* FunnyViewController.swift */,
			);
			path = Controller;
			sourceTree = "<group>";
		};
		B66D563324EE57000050A2D7 /* View */ = {
			isa = PBXGroup;
			children = (
				B650616124F7A3CE00DC5CE8 /* CollectionHeaderView.swift */,
				B650616224F7A3CE00DC5CE8 /* CollectionHeaderView.xib */,
				B68828B424FE50C9007A11FA /* RecommendCycleView.swift */,
				B68828B624FE50F0007A11FA /* RecommendCycleView.xib */,
				B65E8F1324FF39D1005EB4D5 /* CollectionwCycleCell.swift */,
				B65E8F1424FF39D1005EB4D5 /* CollectionwCycleCell.xib */,
				B65E8F1724FF7C37005EB4D5 /* RecommendGameView.swift */,
				B65E8F1924FF7C4C005EB4D5 /* RecommendGameView.xib */,
				B65E8F1B24FF8A19005EB4D5 /* CollectionGameCell.swift */,
				B65E8F1C24FF8A19005EB4D5 /* CollectionGameCell.xib */,
				B6D0B76B250B55500030B743 /* AmuseMenuView.swift */,
				B6D0B777250B557C0030B743 /* AmuseMenuView.xib */,
				B6D0B779250B677B0030B743 /* AmuseMenuViewCell.swift */,
				B6D0B77A250B677B0030B743 /* AmuseMenuViewCell.xib */,
			);
			path = View;
			sourceTree = "<group>";
		};
		B66D563424EE57AF0050A2D7 /* VIew */ = {
			isa = PBXGroup;
			children = (
				B66D563E24EE6DC30050A2D7 /* PageTitleView.swift */,
				B6EA2EB024F4F4D1008589C2 /* PageContentView.swift */,
				B68828B224FE2F7B007A11FA /* CollectionBaseCell.swift */,
				B650616524F7AE7400DC5CE8 /* CollectionNormalCell.swift */,
				B650616624F7AE7400DC5CE8 /* CollectionNormalCell.xib */,
				B6B26B6424F8911F0025D574 /* CollectionPrettyCell.swift */,
				B6B26B6524F8911F0025D574 /* CollectionPrettyCell.xib */,
			);
			path = VIew;
			sourceTree = "<group>";
		};
		B66D563524EE57AF0050A2D7 /* Controller */ = {
			isa = PBXGroup;
			children = (
				B6B662B924ECD0AF00A6A6DA /* Main.storyboard */,
				B66D563624EE57AF0050A2D7 /* MainViewController.swift */,
				B6C7526E250A149300620B37 /* BaseAnchorViewController.swift */,
				B6670979250F5CD9002EE521 /* BaseViewController.swift */,
				B60F1CE72511B3EF0019A3E2 /* CustomNavigationController.swift */,
			);
			path = Controller;
			sourceTree = "<group>";
		};
		B66D563724EE57AF0050A2D7 /* Model */ = {
			isa = PBXGroup;
			children = (
				B654BEA024FCECE800946EA8 /* AnchorGroup.swift */,
				B654BEA224FCF2A800946EA8 /* AnchorModel.swift */,
				B6CCA09B2508C83700BDFF4D /* BaseGameModel.swift */,
			);
			path = Model;
			sourceTree = "<group>";
		};
		B66D563B24EE5FA60050A2D7 /* Extension */ = {
			isa = PBXGroup;
			children = (
				B66D563C24EE5FF70050A2D7 /* UIBarButtonItem_Extension.swift */,
				B654BE9E24FCE64500946EA8 /* NSDate_Extension.swift */,
				B6EA2EB224F4FCEA008589C2 /* UIColor_Extension.swift */,
			);
			path = Extension;
			sourceTree = "<group>";
		};
		B6768CF824ED128D0033EA66 /* Classes */ = {
			isa = PBXGroup;
			children = (
				B6768CFE24ED128D0033EA66 /* Main */,
				B60F1CD32511AD900019A3E2 /* Room */,
				B6768CF924ED128D0033EA66 /* Home */,
				B6768CFD24ED128D0033EA66 /* Live */,
				B6768CFB24ED128D0033EA66 /* Follow */,
				B6768CFC24ED128D0033EA66 /* Profile */,
				B6768CFA24ED128D0033EA66 /* Tools */,
			);
			path = Classes;
			sourceTree = "<group>";
		};
		B6768CF924ED128D0033EA66 /* Home */ = {
			isa = PBXGroup;
			children = (
				B654BE9B24FCE1D300946EA8 /* ViewModel */,
				B66D563124EE57000050A2D7 /* Model */,
				B66D563324EE57000050A2D7 /* View */,
				B66D563224EE57000050A2D7 /* Controller */,
			);
			path = Home;
			sourceTree = "<group>";
		};
		B6768CFA24ED128D0033EA66 /* Tools */ = {
			isa = PBXGroup;
			children = (
				B66D563B24EE5FA60050A2D7 /* Extension */,
				B66D564024EE76620050A2D7 /* Common.swift */,
				B6CCA88624FC9C7000558F89 /* NetworkTools.swift */,
			);
			path = Tools;
			sourceTree = "<group>";
		};
		B6768CFB24ED128D0033EA66 /* Follow */ = {
			isa = PBXGroup;
			children = (
				B66D562924EE2C350050A2D7 /* Follow.storyboard */,
			);
			path = Follow;
			sourceTree = "<group>";
		};
		B6768CFC24ED128D0033EA66 /* Profile */ = {
			isa = PBXGroup;
			children = (
				B66D562C24EE2C610050A2D7 /* Profile.storyboard */,
			);
			path = Profile;
			sourceTree = "<group>";
		};
		B6768CFD24ED128D0033EA66 /* Live */ = {
			isa = PBXGroup;
			children = (
				B66D562624EE2C040050A2D7 /* Live.storyboard */,
			);
			path = Live;
			sourceTree = "<group>";
		};
		B6768CFE24ED128D0033EA66 /* Main */ = {
			isa = PBXGroup;
			children = (
				B6C7525D250A09AA00620B37 /* ViewModel */,
				B66D563724EE57AF0050A2D7 /* Model */,
				B66D563424EE57AF0050A2D7 /* VIew */,
				B66D563524EE57AF0050A2D7 /* Controller */,
			);
			path = Main;
			sourceTree = "<group>";
		};
		B688289F24FE2079007A11FA /* Products */ = {
			isa = PBXGroup;
			children = (
				B68828AC24FE207A007A11FA /* Kingfisher.framework */,
				B68828AE24FE207A007A11FA /* KingfisherSwiftUI.framework */,
				B68828B024FE207A007A11FA /* KingfisherTests.xctest */,
			);
			name = Products;
			sourceTree = "<group>";
		};
		B6B662A724ECD0AF00A6A6DA = {
			isa = PBXGroup;
			children = (
				B6B662B224ECD0AF00A6A6DA /* DouYuTV */,
				B6B662C924ECD0B100A6A6DA /* DouYuTVTests */,
				B6B662D424ECD0B100A6A6DA /* DouYuTVUITests */,
				B6B662B124ECD0AF00A6A6DA /* Products */,
				B6CCA88424FC998300558F89 /* Frameworks */,
			);
			sourceTree = "<group>";
		};
		B6B662B124ECD0AF00A6A6DA /* Products */ = {
			isa = PBXGroup;
			children = (
				B6B662B024ECD0AF00A6A6DA /* DouYuTV.app */,
				B6B662C624ECD0B100A6A6DA /* DouYuTVTests.xctest */,
				B6B662D124ECD0B100A6A6DA /* DouYuTVUITests.xctest */,
			);
			name = Products;
			sourceTree = "<group>";
		};
		B6B662B224ECD0AF00A6A6DA /* DouYuTV */ = {
			isa = PBXGroup;
			children = (
				B6768CF824ED128D0033EA66 /* Classes */,
				B6B662B324ECD0AF00A6A6DA /* AppDelegate.swift */,
				B6B662B524ECD0AF00A6A6DA /* SceneDelegate.swift */,
				B6B662BC24ECD0B000A6A6DA /* Assets.xcassets */,
				B6B662BE24ECD0B000A6A6DA /* LaunchScreen.storyboard */,
				B6B662C124ECD0B000A6A6DA /* Info.plist */,
			);
			path = DouYuTV;
			sourceTree = "<group>";
		};
		B6B662C924ECD0B100A6A6DA /* DouYuTVTests */ = {
			isa = PBXGroup;
			children = (
				B6B662CA24ECD0B100A6A6DA /* DouYuTVTests.swift */,
				B6B662CC24ECD0B100A6A6DA /* Info.plist */,
			);
			path = DouYuTVTests;
			sourceTree = "<group>";
		};
		B6B662D424ECD0B100A6A6DA /* DouYuTVUITests */ = {
			isa = PBXGroup;
			children = (
				B6B662D524ECD0B100A6A6DA /* DouYuTVUITests.swift */,
				B6B662D724ECD0B100A6A6DA /* Info.plist */,
			);
			path = DouYuTVUITests;
			sourceTree = "<group>";
		};
		B6C7525D250A09AA00620B37 /* ViewModel */ = {
			isa = PBXGroup;
			children = (
				B6C75268250A09C500620B37 /* BaseViewModel.swift */,
			);
			path = ViewModel;
			sourceTree = "<group>";
		};
		B6CCA86D24FC997900558F89 /* Products */ = {
			isa = PBXGroup;
			children = (
				B6CCA87724FC997A00558F89 /* Alamofire.framework */,
				B6CCA87924FC997A00558F89 /* Alamofire iOS Tests.xctest */,
				B6CCA87B24FC997A00558F89 /* Alamofire.framework */,
				B6CCA87D24FC997A00558F89 /* Alamofire macOS Tests.xctest */,
				B6CCA87F24FC997A00558F89 /* Alamofire.framework */,
				B6CCA88124FC997A00558F89 /* Alamofire tvOS Tests.xctest */,
				B6CCA88324FC997A00558F89 /* Alamofire.framework */,
			);
			name = Products;
			sourceTree = "<group>";
		};
		B6CCA88424FC998300558F89 /* Frameworks */ = {
			isa = PBXGroup;
			children = (
				B6CCA86C24FC997900558F89 /* Alamofire.xcodeproj */,
				B688289E24FE2079007A11FA /* Kingfisher.xcodeproj */,
			);
			name = Frameworks;
			sourceTree = "<group>";
		};
/* End PBXGroup section */

/* Begin PBXNativeTarget section */
		B6B662AF24ECD0AF00A6A6DA /* DouYuTV */ = {
			isa = PBXNativeTarget;
			buildConfigurationList = B6B662DA24ECD0B100A6A6DA /* Build configuration list for PBXNativeTarget "DouYuTV" */;
			buildPhases = (
				B6B662AC24ECD0AF00A6A6DA /* Sources */,
				B6B662AD24ECD0AF00A6A6DA /* Frameworks */,
				B6B662AE24ECD0AF00A6A6DA /* Resources */,
			);
			buildRules = (
			);
			dependencies = (
			);
			name = DouYuTV;
			productName = DouYuTV;
			productReference = B6B662B024ECD0AF00A6A6DA /* DouYuTV.app */;
			productType = "com.apple.product-type.application";
		};
		B6B662C524ECD0B100A6A6DA /* DouYuTVTests */ = {
			isa = PBXNativeTarget;
			buildConfigurationList = B6B662DD24ECD0B100A6A6DA /* Build configuration list for PBXNativeTarget "DouYuTVTests" */;
			buildPhases = (
				B6B662C224ECD0B100A6A6DA /* Sources */,
				B6B662C324ECD0B100A6A6DA /* Frameworks */,
				B6B662C424ECD0B100A6A6DA /* Resources */,
			);
			buildRules = (
			);
			dependencies = (
				B6B662C824ECD0B100A6A6DA /* PBXTargetDependency */,
			);
			name = DouYuTVTests;
			productName = DouYuTVTests;
			productReference = B6B662C624ECD0B100A6A6DA /* DouYuTVTests.xctest */;
			productType = "com.apple.product-type.bundle.unit-test";
		};
		B6B662D024ECD0B100A6A6DA /* DouYuTVUITests */ = {
			isa = PBXNativeTarget;
			buildConfigurationList = B6B662E024ECD0B100A6A6DA /* Build configuration list for PBXNativeTarget "DouYuTVUITests" */;
			buildPhases = (
				B6B662CD24ECD0B100A6A6DA /* Sources */,
				B6B662CE24ECD0B100A6A6DA /* Frameworks */,
				B6B662CF24ECD0B100A6A6DA /* Resources */,
			);
			buildRules = (
			);
			dependencies = (
				B6B662D324ECD0B100A6A6DA /* PBXTargetDependency */,
			);
			name = DouYuTVUITests;
			productName = DouYuTVUITests;
			productReference = B6B662D124ECD0B100A6A6DA /* DouYuTVUITests.xctest */;
			productType = "com.apple.product-type.bundle.ui-testing";
		};
/* End PBXNativeTarget section */

/* Begin PBXProject section */
		B6B662A824ECD0AF00A6A6DA /* Project object */ = {
			isa = PBXProject;
			attributes = {
				LastSwiftUpdateCheck = 1120;
				LastUpgradeCheck = 1120;
				ORGANIZATIONNAME = JLong;
				TargetAttributes = {
					B6B662AF24ECD0AF00A6A6DA = {
						CreatedOnToolsVersion = 11.2.1;
					};
					B6B662C524ECD0B100A6A6DA = {
						CreatedOnToolsVersion = 11.2.1;
						TestTargetID = B6B662AF24ECD0AF00A6A6DA;
					};
					B6B662D024ECD0B100A6A6DA = {
						CreatedOnToolsVersion = 11.2.1;
						TestTargetID = B6B662AF24ECD0AF00A6A6DA;
					};
				};
			};
			buildConfigurationList = B6B662AB24ECD0AF00A6A6DA /* Build configuration list for PBXProject "DouYuTV" */;
			compatibilityVersion = "Xcode 9.3";
			developmentRegion = en;
			hasScannedForEncodings = 0;
			knownRegions = (
				en,
				Base,
			);
			mainGroup = B6B662A724ECD0AF00A6A6DA;
			productRefGroup = B6B662B124ECD0AF00A6A6DA /* Products */;
			projectDirPath = "";
			projectReferences = (
				{
					ProductGroup = B6CCA86D24FC997900558F89 /* Products */;
					ProjectRef = B6CCA86C24FC997900558F89 /* Alamofire.xcodeproj */;
				},
				{
					ProductGroup = B688289F24FE2079007A11FA /* Products */;
					ProjectRef = B688289E24FE2079007A11FA /* Kingfisher.xcodeproj */;
				},
			);
			projectRoot = "";
			targets = (
				B6B662AF24ECD0AF00A6A6DA /* DouYuTV */,
				B6B662C524ECD0B100A6A6DA /* DouYuTVTests */,
				B6B662D024ECD0B100A6A6DA /* DouYuTVUITests */,
			);
		};
/* End PBXProject section */

/* Begin PBXReferenceProxy section */
		B68828AC24FE207A007A11FA /* Kingfisher.framework */ = {
			isa = PBXReferenceProxy;
			fileType = wrapper.framework;
			path = Kingfisher.framework;
			remoteRef = B68828AB24FE207A007A11FA /* PBXContainerItemProxy */;
			sourceTree = BUILT_PRODUCTS_DIR;
		};
		B68828AE24FE207A007A11FA /* KingfisherSwiftUI.framework */ = {
			isa = PBXReferenceProxy;
			fileType = wrapper.framework;
			path = KingfisherSwiftUI.framework;
			remoteRef = B68828AD24FE207A007A11FA /* PBXContainerItemProxy */;
			sourceTree = BUILT_PRODUCTS_DIR;
		};
		B68828B024FE207A007A11FA /* KingfisherTests.xctest */ = {
			isa = PBXReferenceProxy;
			fileType = wrapper.cfbundle;
			path = KingfisherTests.xctest;
			remoteRef = B68828AF24FE207A007A11FA /* PBXContainerItemProxy */;
			sourceTree = BUILT_PRODUCTS_DIR;
		};
		B6CCA87724FC997A00558F89 /* Alamofire.framework */ = {
			isa = PBXReferenceProxy;
			fileType = wrapper.framework;
			path = Alamofire.framework;
			remoteRef = B6CCA87624FC997A00558F89 /* PBXContainerItemProxy */;
			sourceTree = BUILT_PRODUCTS_DIR;
		};
		B6CCA87924FC997A00558F89 /* Alamofire iOS Tests.xctest */ = {
			isa = PBXReferenceProxy;
			fileType = wrapper.cfbundle;
			path = "Alamofire iOS Tests.xctest";
			remoteRef = B6CCA87824FC997A00558F89 /* PBXContainerItemProxy */;
			sourceTree = BUILT_PRODUCTS_DIR;
		};
		B6CCA87B24FC997A00558F89 /* Alamofire.framework */ = {
			isa = PBXReferenceProxy;
			fileType = wrapper.framework;
			path = Alamofire.framework;
			remoteRef = B6CCA87A24FC997A00558F89 /* PBXContainerItemProxy */;
			sourceTree = BUILT_PRODUCTS_DIR;
		};
		B6CCA87D24FC997A00558F89 /* Alamofire macOS Tests.xctest */ = {
			isa = PBXReferenceProxy;
			fileType = wrapper.cfbundle;
			path = "Alamofire macOS Tests.xctest";
			remoteRef = B6CCA87C24FC997A00558F89 /* PBXContainerItemProxy */;
			sourceTree = BUILT_PRODUCTS_DIR;
		};
		B6CCA87F24FC997A00558F89 /* Alamofire.framework */ = {
			isa = PBXReferenceProxy;
			fileType = wrapper.framework;
			path = Alamofire.framework;
			remoteRef = B6CCA87E24FC997A00558F89 /* PBXContainerItemProxy */;
			sourceTree = BUILT_PRODUCTS_DIR;
		};
		B6CCA88124FC997A00558F89 /* Alamofire tvOS Tests.xctest */ = {
			isa = PBXReferenceProxy;
			fileType = wrapper.cfbundle;
			path = "Alamofire tvOS Tests.xctest";
			remoteRef = B6CCA88024FC997A00558F89 /* PBXContainerItemProxy */;
			sourceTree = BUILT_PRODUCTS_DIR;
		};
		B6CCA88324FC997A00558F89 /* Alamofire.framework */ = {
			isa = PBXReferenceProxy;
			fileType = wrapper.framework;
			path = Alamofire.framework;
			remoteRef = B6CCA88224FC997A00558F89 /* PBXContainerItemProxy */;
			sourceTree = BUILT_PRODUCTS_DIR;
		};
/* End PBXReferenceProxy section */

/* Begin PBXResourcesBuildPhase section */
		B6B662AE24ECD0AF00A6A6DA /* Resources */ = {
			isa = PBXResourcesBuildPhase;
			buildActionMask = 2147483647;
			files = (
				B6B662C024ECD0B000A6A6DA /* LaunchScreen.storyboard in Resources */,
				B6D0B77C250B677B0030B743 /* AmuseMenuViewCell.xib in Resources */,
				B650616424F7A3CE00DC5CE8 /* CollectionHeaderView.xib in Resources */,
				B650616824F7AE7400DC5CE8 /* CollectionNormalCell.xib in Resources */,
				B6B662BD24ECD0B000A6A6DA /* Assets.xcassets in Resources */,
				B65E8F1624FF39D1005EB4D5 /* CollectionwCycleCell.xib in Resources */,
				B6B662BB24ECD0AF00A6A6DA /* Main.storyboard in Resources */,
				B66D562824EE2C040050A2D7 /* Live.storyboard in Resources */,
				B65E8F1E24FF8A19005EB4D5 /* CollectionGameCell.xib in Resources */,
				B6D0B778250B557C0030B743 /* AmuseMenuView.xib in Resources */,
				B66D562524EE2A950050A2D7 /* Home.storyboard in Resources */,
				B68828B724FE50F0007A11FA /* RecommendCycleView.xib in Resources */,
				B6B26B6724F8911F0025D574 /* CollectionPrettyCell.xib in Resources */,
				B66D562E24EE2C610050A2D7 /* Profile.storyboard in Resources */,
				B65E8F1A24FF7C4C005EB4D5 /* RecommendGameView.xib in Resources */,
				B66D562B24EE2C350050A2D7 /* Follow.storyboard in Resources */,
			);
			runOnlyForDeploymentPostprocessing = 0;
		};
		B6B662C424ECD0B100A6A6DA /* Resources */ = {
			isa = PBXResourcesBuildPhase;
			buildActionMask = 2147483647;
			files = (
			);
			runOnlyForDeploymentPostprocessing = 0;
		};
		B6B662CF24ECD0B100A6A6DA /* Resources */ = {
			isa = PBXResourcesBuildPhase;
			buildActionMask = 2147483647;
			files = (
			);
			runOnlyForDeploymentPostprocessing = 0;
		};
/* End PBXResourcesBuildPhase section */

/* Begin PBXSourcesBuildPhase section */
		B6B662AC24ECD0AF00A6A6DA /* Sources */ = {
			isa = PBXSourcesBuildPhase;
			buildActionMask = 2147483647;
			files = (
				B6CCA88724FC9C7000558F89 /* NetworkTools.swift in Sources */,
				B6D0B77B250B677B0030B743 /* AmuseMenuViewCell.swift in Sources */,
				B66D563F24EE6DC30050A2D7 /* PageTitleView.swift in Sources */,
				B667096C250F3DCE002EE521 /* FunnyViewController.swift in Sources */,
				B650616324F7A3CE00DC5CE8 /* CollectionHeaderView.swift in Sources */,
				B66D563824EE57AF0050A2D7 /* MainViewController.swift in Sources */,
				B6CCA09C2508C83700BDFF4D /* BaseGameModel.swift in Sources */,
				B65E8F1824FF7C37005EB4D5 /* RecommendGameView.swift in Sources */,
				B60F1CE42511ADED0019A3E2 /* RoomNormalViewController.swift in Sources */,
				B6CCA08C250880B600BDFF4D /* GameViewController.swift in Sources */,
				B6CCA0982508C0C700BDFF4D /* GameViewModel.swift in Sources */,
				B6B662B424ECD0AF00A6A6DA /* AppDelegate.swift in Sources */,
				B667097A250F5CD9002EE521 /* BaseViewController.swift in Sources */,
				B6EA2EB124F4F4D1008589C2 /* PageContentView.swift in Sources */,
				B65E8F0824FF3017005EB4D5 /* CycleModel.swift in Sources */,
				B66D563D24EE5FF70050A2D7 /* UIBarButtonItem_Extension.swift in Sources */,
				B6C752302509CB6F00620B37 /* AmuseViewController.swift in Sources */,
				B6C75269250A09C500620B37 /* BaseViewModel.swift in Sources */,
				B6C7526F250A149300620B37 /* BaseAnchorViewController.swift in Sources */,
				B6EA2EB324F4FCEA008589C2 /* UIColor_Extension.swift in Sources */,
				B6B662B624ECD0AF00A6A6DA /* SceneDelegate.swift in Sources */,
				B654BEA124FCECE800946EA8 /* AnchorGroup.swift in Sources */,
				B6C7523C2509CFF800620B37 /* AmuseViewModel.swift in Sources */,
				B66D563A24EE58570050A2D7 /* HomeViewController.swift in Sources */,
				B66D564124EE76620050A2D7 /* Common.swift in Sources */,
				B68828B324FE2F7B007A11FA /* CollectionBaseCell.swift in Sources */,
				B6B26B6624F8911F0025D574 /* CollectionPrettyCell.swift in Sources */,
				B654BE9F24FCE64500946EA8 /* NSDate_Extension.swift in Sources */,
				B65E8F1D24FF8A19005EB4D5 /* CollectionGameCell.swift in Sources */,
				B6CCA09A2508C2BD00BDFF4D /* GameModel.swift in Sources */,
				B6D0B76C250B55500030B743 /* AmuseMenuView.swift in Sources */,
				B650616724F7AE7400DC5CE8 /* CollectionNormalCell.swift in Sources */,
				B68828B524FE50C9007A11FA /* RecommendCycleView.swift in Sources */,
				B6670978250F4995002EE521 /* FunnyViewModel.swift in Sources */,
				B654BE9D24FCE24500946EA8 /* RecommendViewModel.swift in Sources */,
				B654BEA324FCF2A800946EA8 /* AnchorModel.swift in Sources */,
				B60F1CE82511B3EF0019A3E2 /* CustomNavigationController.swift in Sources */,
				B65E8F1524FF39D1005EB4D5 /* CollectionwCycleCell.swift in Sources */,
				B60F1CE22511ADC80019A3E2 /* RoomShowViewController.swift in Sources */,
				B650616024F78B3800DC5CE8 /* RecommendViewController.swift in Sources */,
			);
			runOnlyForDeploymentPostprocessing = 0;
		};
		B6B662C224ECD0B100A6A6DA /* Sources */ = {
			isa = PBXSourcesBuildPhase;
			buildActionMask = 2147483647;
			files = (
				B6B662CB24ECD0B100A6A6DA /* DouYuTVTests.swift in Sources */,
			);
			runOnlyForDeploymentPostprocessing = 0;
		};
		B6B662CD24ECD0B100A6A6DA /* Sources */ = {
			isa = PBXSourcesBuildPhase;
			buildActionMask = 2147483647;
			files = (
				B6B662D624ECD0B100A6A6DA /* DouYuTVUITests.swift in Sources */,
			);
			runOnlyForDeploymentPostprocessing = 0;
		};
/* End PBXSourcesBuildPhase section */

/* Begin PBXTargetDependency section */
		B6B662C824ECD0B100A6A6DA /* PBXTargetDependency */ = {
			isa = PBXTargetDependency;
			target = B6B662AF24ECD0AF00A6A6DA /* DouYuTV */;
			targetProxy = B6B662C724ECD0B100A6A6DA /* PBXContainerItemProxy */;
		};
		B6B662D324ECD0B100A6A6DA /* PBXTargetDependency */ = {
			isa = PBXTargetDependency;
			target = B6B662AF24ECD0AF00A6A6DA /* DouYuTV */;
			targetProxy = B6B662D224ECD0B100A6A6DA /* PBXContainerItemProxy */;
		};
/* End PBXTargetDependency section */

/* Begin PBXVariantGroup section */
		B66D562624EE2C040050A2D7 /* Live.storyboard */ = {
			isa = PBXVariantGroup;
			children = (
				B66D562724EE2C040050A2D7 /* Base */,
			);
			name = Live.storyboard;
			sourceTree = "<group>";
		};
		B66D562924EE2C350050A2D7 /* Follow.storyboard */ = {
			isa = PBXVariantGroup;
			children = (
				B66D562A24EE2C350050A2D7 /* Base */,
			);
			name = Follow.storyboard;
			sourceTree = "<group>";
		};
		B66D562C24EE2C610050A2D7 /* Profile.storyboard */ = {
			isa = PBXVariantGroup;
			children = (
				B66D562D24EE2C610050A2D7 /* Base */,
			);
			name = Profile.storyboard;
			sourceTree = "<group>";
		};
		B6B662B924ECD0AF00A6A6DA /* Main.storyboard */ = {
			isa = PBXVariantGroup;
			children = (
				B6B662BA24ECD0AF00A6A6DA /* Base */,
			);
			name = Main.storyboard;
			sourceTree = "<group>";
		};
		B6B662BE24ECD0B000A6A6DA /* LaunchScreen.storyboard */ = {
			isa = PBXVariantGroup;
			children = (
				B6B662BF24ECD0B000A6A6DA /* Base */,
			);
			name = LaunchScreen.storyboard;
			sourceTree = "<group>";
		};
/* End PBXVariantGroup section */

/* Begin XCBuildConfiguration section */
		B6B662D824ECD0B100A6A6DA /* Debug */ = {
			isa = XCBuildConfiguration;
			buildSettings = {
				ALWAYS_SEARCH_USER_PATHS = NO;
				CLANG_ANALYZER_NONNULL = YES;
				CLANG_ANALYZER_NUMBER_OBJECT_CONVERSION = YES_AGGRESSIVE;
				CLANG_CXX_LANGUAGE_STANDARD = "gnu++14";
				CLANG_CXX_LIBRARY = "libc++";
				CLANG_ENABLE_MODULES = YES;
				CLANG_ENABLE_OBJC_ARC = YES;
				CLANG_ENABLE_OBJC_WEAK = YES;
				CLANG_WARN_BLOCK_CAPTURE_AUTORELEASING = YES;
				CLANG_WARN_BOOL_CONVERSION = YES;
				CLANG_WARN_COMMA = YES;
				CLANG_WARN_CONSTANT_CONVERSION = YES;
				CLANG_WARN_DEPRECATED_OBJC_IMPLEMENTATIONS = YES;
				CLANG_WARN_DIRECT_OBJC_ISA_USAGE = YES_ERROR;
				CLANG_WARN_DOCUMENTATION_COMMENTS = YES;
				CLANG_WARN_EMPTY_BODY = YES;
				CLANG_WARN_ENUM_CONVERSION = YES;
				CLANG_WARN_INFINITE_RECURSION = YES;
				CLANG_WARN_INT_CONVERSION = YES;
				CLANG_WARN_NON_LITERAL_NULL_CONVERSION = YES;
				CLANG_WARN_OBJC_IMPLICIT_RETAIN_SELF = YES;
				CLANG_WARN_OBJC_LITERAL_CONVERSION = YES;
				CLANG_WARN_OBJC_ROOT_CLASS = YES_ERROR;
				CLANG_WARN_RANGE_LOOP_ANALYSIS = YES;
				CLANG_WARN_STRICT_PROTOTYPES = YES;
				CLANG_WARN_SUSPICIOUS_MOVE = YES;
				CLANG_WARN_UNGUARDED_AVAILABILITY = YES_AGGRESSIVE;
				CLANG_WARN_UNREACHABLE_CODE = YES;
				CLANG_WARN__DUPLICATE_METHOD_MATCH = YES;
				COPY_PHASE_STRIP = NO;
				DEBUG_INFORMATION_FORMAT = dwarf;
				ENABLE_STRICT_OBJC_MSGSEND = YES;
				ENABLE_TESTABILITY = YES;
				GCC_C_LANGUAGE_STANDARD = gnu11;
				GCC_DYNAMIC_NO_PIC = NO;
				GCC_NO_COMMON_BLOCKS = YES;
				GCC_OPTIMIZATION_LEVEL = 0;
				GCC_PREPROCESSOR_DEFINITIONS = (
					"DEBUG=1",
					"$(inherited)",
				);
				GCC_WARN_64_TO_32_BIT_CONVERSION = YES;
				GCC_WARN_ABOUT_RETURN_TYPE = YES_ERROR;
				GCC_WARN_UNDECLARED_SELECTOR = YES;
				GCC_WARN_UNINITIALIZED_AUTOS = YES_AGGRESSIVE;
				GCC_WARN_UNUSED_FUNCTION = YES;
				GCC_WARN_UNUSED_VARIABLE = YES;
				IPHONEOS_DEPLOYMENT_TARGET = 13.2;
				MTL_ENABLE_DEBUG_INFO = INCLUDE_SOURCE;
				MTL_FAST_MATH = YES;
				ONLY_ACTIVE_ARCH = YES;
				SDKROOT = iphoneos;
				SWIFT_ACTIVE_COMPILATION_CONDITIONS = DEBUG;
				SWIFT_OPTIMIZATION_LEVEL = "-Onone";
			};
			name = Debug;
		};
		B6B662D924ECD0B100A6A6DA /* Release */ = {
			isa = XCBuildConfiguration;
			buildSettings = {
				ALWAYS_SEARCH_USER_PATHS = NO;
				CLANG_ANALYZER_NONNULL = YES;
				CLANG_ANALYZER_NUMBER_OBJECT_CONVERSION = YES_AGGRESSIVE;
				CLANG_CXX_LANGUAGE_STANDARD = "gnu++14";
				CLANG_CXX_LIBRARY = "libc++";
				CLANG_ENABLE_MODULES = YES;
				CLANG_ENABLE_OBJC_ARC = YES;
				CLANG_ENABLE_OBJC_WEAK = YES;
				CLANG_WARN_BLOCK_CAPTURE_AUTORELEASING = YES;
				CLANG_WARN_BOOL_CONVERSION = YES;
				CLANG_WARN_COMMA = YES;
				CLANG_WARN_CONSTANT_CONVERSION = YES;
				CLANG_WARN_DEPRECATED_OBJC_IMPLEMENTATIONS = YES;
				CLANG_WARN_DIRECT_OBJC_ISA_USAGE = YES_ERROR;
				CLANG_WARN_DOCUMENTATION_COMMENTS = YES;
				CLANG_WARN_EMPTY_BODY = YES;
				CLANG_WARN_ENUM_CONVERSION = YES;
				CLANG_WARN_INFINITE_RECURSION = YES;
				CLANG_WARN_INT_CONVERSION = YES;
				CLANG_WARN_NON_LITERAL_NULL_CONVERSION = YES;
				CLANG_WARN_OBJC_IMPLICIT_RETAIN_SELF = YES;
				CLANG_WARN_OBJC_LITERAL_CONVERSION = YES;
				CLANG_WARN_OBJC_ROOT_CLASS = YES_ERROR;
				CLANG_WARN_RANGE_LOOP_ANALYSIS = YES;
				CLANG_WARN_STRICT_PROTOTYPES = YES;
				CLANG_WARN_SUSPICIOUS_MOVE = YES;
				CLANG_WARN_UNGUARDED_AVAILABILITY = YES_AGGRESSIVE;
				CLANG_WARN_UNREACHABLE_CODE = YES;
				CLANG_WARN__DUPLICATE_METHOD_MATCH = YES;
				COPY_PHASE_STRIP = NO;
				DEBUG_INFORMATION_FORMAT = "dwarf-with-dsym";
				ENABLE_NS_ASSERTIONS = NO;
				ENABLE_STRICT_OBJC_MSGSEND = YES;
				GCC_C_LANGUAGE_STANDARD = gnu11;
				GCC_NO_COMMON_BLOCKS = YES;
				GCC_WARN_64_TO_32_BIT_CONVERSION = YES;
				GCC_WARN_ABOUT_RETURN_TYPE = YES_ERROR;
				GCC_WARN_UNDECLARED_SELECTOR = YES;
				GCC_WARN_UNINITIALIZED_AUTOS = YES_AGGRESSIVE;
				GCC_WARN_UNUSED_FUNCTION = YES;
				GCC_WARN_UNUSED_VARIABLE = YES;
				IPHONEOS_DEPLOYMENT_TARGET = 13.2;
				MTL_ENABLE_DEBUG_INFO = NO;
				MTL_FAST_MATH = YES;
				SDKROOT = iphoneos;
				SWIFT_COMPILATION_MODE = wholemodule;
				SWIFT_OPTIMIZATION_LEVEL = "-O";
				VALIDATE_PRODUCT = YES;
			};
			name = Release;
		};
		B6B662DB24ECD0B100A6A6DA /* Debug */ = {
			isa = XCBuildConfiguration;
			buildSettings = {
				ASSETCATALOG_COMPILER_APPICON_NAME = AppIcon;
				CODE_SIGN_STYLE = Automatic;
				DEVELOPMENT_TEAM = RFRUNA2958;
				INFOPLIST_FILE = DouYuTV/Info.plist;
				IPHONEOS_DEPLOYMENT_TARGET = 13.2;
				LD_RUNPATH_SEARCH_PATHS = (
					"$(inherited)",
					"@executable_path/Frameworks",
				);
				PRODUCT_BUNDLE_IDENTIFIER = Civet.DouYuTV;
				PRODUCT_NAME = "$(TARGET_NAME)";
				SWIFT_VERSION = 5.0;
				TARGETED_DEVICE_FAMILY = "1,2";
			};
			name = Debug;
		};
		B6B662DC24ECD0B100A6A6DA /* Release */ = {
			isa = XCBuildConfiguration;
			buildSettings = {
				ASSETCATALOG_COMPILER_APPICON_NAME = AppIcon;
				CODE_SIGN_STYLE = Automatic;
				DEVELOPMENT_TEAM = RFRUNA2958;
				INFOPLIST_FILE = DouYuTV/Info.plist;
				IPHONEOS_DEPLOYMENT_TARGET = 13.2;
				LD_RUNPATH_SEARCH_PATHS = (
					"$(inherited)",
					"@executable_path/Frameworks",
				);
				PRODUCT_BUNDLE_IDENTIFIER = Civet.DouYuTV;
				PRODUCT_NAME = "$(TARGET_NAME)";
				SWIFT_VERSION = 5.0;
				TARGETED_DEVICE_FAMILY = "1,2";
			};
			name = Release;
		};
		B6B662DE24ECD0B100A6A6DA /* Debug */ = {
			isa = XCBuildConfiguration;
			buildSettings = {
				ALWAYS_EMBED_SWIFT_STANDARD_LIBRARIES = YES;
				BUNDLE_LOADER = "$(TEST_HOST)";
				CODE_SIGN_STYLE = Automatic;
				DEVELOPMENT_TEAM = RFRUNA2958;
				INFOPLIST_FILE = DouYuTVTests/Info.plist;
				IPHONEOS_DEPLOYMENT_TARGET = 13.2;
				LD_RUNPATH_SEARCH_PATHS = (
					"$(inherited)",
					"@executable_path/Frameworks",
					"@loader_path/Frameworks",
				);
				PRODUCT_BUNDLE_IDENTIFIER = Civet.DouYuTVTests;
				PRODUCT_NAME = "$(TARGET_NAME)";
				SWIFT_VERSION = 5.0;
				TARGETED_DEVICE_FAMILY = "1,2";
				TEST_HOST = "$(BUILT_PRODUCTS_DIR)/DouYuTV.app/DouYuTV";
			};
			name = Debug;
		};
		B6B662DF24ECD0B100A6A6DA /* Release */ = {
			isa = XCBuildConfiguration;
			buildSettings = {
				ALWAYS_EMBED_SWIFT_STANDARD_LIBRARIES = YES;
				BUNDLE_LOADER = "$(TEST_HOST)";
				CODE_SIGN_STYLE = Automatic;
				DEVELOPMENT_TEAM = RFRUNA2958;
				INFOPLIST_FILE = DouYuTVTests/Info.plist;
				IPHONEOS_DEPLOYMENT_TARGET = 13.2;
				LD_RUNPATH_SEARCH_PATHS = (
					"$(inherited)",
					"@executable_path/Frameworks",
					"@loader_path/Frameworks",
				);
				PRODUCT_BUNDLE_IDENTIFIER = Civet.DouYuTVTests;
				PRODUCT_NAME = "$(TARGET_NAME)";
				SWIFT_VERSION = 5.0;
				TARGETED_DEVICE_FAMILY = "1,2";
				TEST_HOST = "$(BUILT_PRODUCTS_DIR)/DouYuTV.app/DouYuTV";
			};
			name = Release;
		};
		B6B662E124ECD0B100A6A6DA /* Debug */ = {
			isa = XCBuildConfiguration;
			buildSettings = {
				ALWAYS_EMBED_SWIFT_STANDARD_LIBRARIES = YES;
				CODE_SIGN_STYLE = Automatic;
				DEVELOPMENT_TEAM = RFRUNA2958;
				INFOPLIST_FILE = DouYuTVUITests/Info.plist;
				LD_RUNPATH_SEARCH_PATHS = (
					"$(inherited)",
					"@executable_path/Frameworks",
					"@loader_path/Frameworks",
				);
				PRODUCT_BUNDLE_IDENTIFIER = Civet.DouYuTVUITests;
				PRODUCT_NAME = "$(TARGET_NAME)";
				SWIFT_VERSION = 5.0;
				TARGETED_DEVICE_FAMILY = "1,2";
				TEST_TARGET_NAME = DouYuTV;
			};
			name = Debug;
		};
		B6B662E224ECD0B100A6A6DA /* Release */ = {
			isa = XCBuildConfiguration;
			buildSettings = {
				ALWAYS_EMBED_SWIFT_STANDARD_LIBRARIES = YES;
				CODE_SIGN_STYLE = Automatic;
				DEVELOPMENT_TEAM = RFRUNA2958;
				INFOPLIST_FILE = DouYuTVUITests/Info.plist;
				LD_RUNPATH_SEARCH_PATHS = (
					"$(inherited)",
					"@executable_path/Frameworks",
					"@loader_path/Frameworks",
				);
				PRODUCT_BUNDLE_IDENTIFIER = Civet.DouYuTVUITests;
				PRODUCT_NAME = "$(TARGET_NAME)";
				SWIFT_VERSION = 5.0;
				TARGETED_DEVICE_FAMILY = "1,2";
				TEST_TARGET_NAME = DouYuTV;
			};
			name = Release;
		};
/* End XCBuildConfiguration section */

/* Begin XCConfigurationList section */
		B6B662AB24ECD0AF00A6A6DA /* Build configuration list for PBXProject "DouYuTV" */ = {
			isa = XCConfigurationList;
			buildConfigurations = (
				B6B662D824ECD0B100A6A6DA /* Debug */,
				B6B662D924ECD0B100A6A6DA /* Release */,
			);
			defaultConfigurationIsVisible = 0;
			defaultConfigurationName = Release;
		};
		B6B662DA24ECD0B100A6A6DA /* Build configuration list for PBXNativeTarget "DouYuTV" */ = {
			isa = XCConfigurationList;
			buildConfigurations = (
				B6B662DB24ECD0B100A6A6DA /* Debug */,
				B6B662DC24ECD0B100A6A6DA /* Release */,
			);
			defaultConfigurationIsVisible = 0;
			defaultConfigurationName = Release;
		};
		B6B662DD24ECD0B100A6A6DA /* Build configuration list for PBXNativeTarget "DouYuTVTests" */ = {
			isa = XCConfigurationList;
			buildConfigurations = (
				B6B662DE24ECD0B100A6A6DA /* Debug */,
				B6B662DF24ECD0B100A6A6DA /* Release */,
			);
			defaultConfigurationIsVisible = 0;
			defaultConfigurationName = Release;
		};
		B6B662E024ECD0B100A6A6DA /* Build configuration list for PBXNativeTarget "DouYuTVUITests" */ = {
			isa = XCConfigurationList;
			buildConfigurations = (
				B6B662E124ECD0B100A6A6DA /* Debug */,
				B6B662E224ECD0B100A6A6DA /* Release */,
			);
			defaultConfigurationIsVisible = 0;
			defaultConfigurationName = Release;
		};
/* End XCConfigurationList section */
	};
	rootObject = B6B662A824ECD0AF00A6A6DA /* Project object */;
}
